
Microsoft Visual Studio Solution File, Format Version 12.00
# Visual Studio Version 16
VisualStudioVersion = 16.0.31702.278
MinimumVisualStudioVersion = 10.0.40219.1
Project("{FAE04EC0-301F-11D3-BF4B-00C04F79EFBC}") = "flyout.Android", "flyout\flyout.Android\flyout.Android.csproj", "{56861EDA-3AD3-49F5-AAFB-FD9F7CEF1642}"
EndProject
Project("{FAE04EC0-301F-11D3-BF4B-00C04F79EFBC}") = "flyout.iOS", "flyout\flyout.iOS\flyout.iOS.csproj", "{6F65524D-94D1-49C1-B140-54723B3507E2}"
EndProject
Project("{FAE04EC0-301F-11D3-BF4B-00C04F79EFBC}") = "flyout", "flyout\flyout\flyout.csproj", "{DC0289CF-BAEC-4994-ABE4-C72F75BD5310}"
EndProject
Global
	GlobalSection(SolutionConfigurationPlatforms) = preSolution
		Debug|Any CPU = Debug|Any CPU
		Debug|iPhone = Debug|iPhone
		Debug|iPhoneSimulator = Debug|iPhoneSimulator
		Release|Any CPU = Release|Any CPU
		Release|iPhone = Release|iPhone
		Release|iPhoneSimulator = Release|iPhoneSimulator
	EndGlobalSection
	GlobalSection(ProjectConfigurationPlatforms) = postSolution
		{56861EDA-3AD3-49F5-AAFB-FD9F7CEF1642}.Debug|Any CPU.ActiveCfg = Debug|Any CPU
		{56861EDA-3AD3-49F5-AAFB-FD9F7CEF1642}.Debug|Any CPU.Build.0 = Debug|Any CPU
		{56861EDA-3AD3-49F5-AAFB-FD9F7CEF1642}.Debug|Any CPU.Deploy.0 = Debug|Any CPU
		{56861EDA-3AD3-49F5-AAFB-FD9F7CEF1642}.Debug|iPhone.ActiveCfg = Debug|Any CPU
		{56861EDA-3AD3-49F5-AAFB-FD9F7CEF1642}.Debug|iPhone.Build.0 = Debug|Any CPU
		{56861EDA-3AD3-49F5-AAFB-FD9F7CEF1642}.Debug|iPhone.Deploy.0 = Debug|Any CPU
		{56861EDA-3AD3-49F5-AAFB-FD9F7CEF1642}.Debug|iPhoneSimulator.ActiveCfg = Debug|Any CPU
		{56861EDA-3AD3-49F5-AAFB-FD9F7CEF1642}.Debug|iPhoneSimulator.Build.0 = Debug|Any CPU
		{56861EDA-3AD3-49F5-AAFB-FD9F7CEF1642}.Debug|iPhoneSimulator.Deploy.0 = Debug|Any CPU
		{56861EDA-3AD3-49F5-AAFB-FD9F7CEF1642}.Release|Any CPU.ActiveCfg = Release|Any CPU
		{56861EDA-3AD3-49F5-AAFB-FD9F7CEF1642}.Release|Any CPU.Build.0 = Release|Any CPU
		{56861EDA-3AD3-49F5-AAFB-FD9F7CEF1642}.Release|Any CPU.Deploy.0 = Release|Any CPU
		{56861EDA-3AD3-49F5-AAFB-FD9F7CEF1642}.Release|iPhone.ActiveCfg = Release|Any CPU
		{56861EDA-3AD3-49F5-AAFB-FD9F7CEF1642}.Release|iPhone.Build.0 = Release|Any CPU
		{56861EDA-3AD3-49F5-AAFB-FD9F7CEF1642}.Release|iPhone.Deploy.0 = Release|Any CPU
		{56861EDA-3AD3-49F5-AAFB-FD9F7CEF1642}.Release|iPhoneSimulator.ActiveCfg = Release|Any CPU
		{56861EDA-3AD3-49F5-AAFB-FD9F7CEF1642}.Release|iPhoneSimulator.Build.0 = Release|Any CPU
		{56861EDA-3AD3-49F5-AAFB-FD9F7CEF1642}.Release|iPhoneSimulator.Deploy.0 = Release|Any CPU
		{6F65524D-94D1-49C1-B140-54723B3507E2}.Debug|Any CPU.ActiveCfg = Debug|iPhone
		{6F65524D-94D1-49C1-B140-54723B3507E2}.Debug|Any CPU.Build.0 = Debug|iPhone
		{6F65524D-94D1-49C1-B140-54723B3507E2}.Debug|Any CPU.Deploy.0 = Debug|iPhone
		{6F65524D-94D1-49C1-B140-54723B3507E2}.Debug|iPhone.ActiveCfg = Debug|iPhone
		{6F65524D-94D1-49C1-B140-54723B3507E2}.Debug|iPhone.Build.0 = Debug|iPhone
		{6F65524D-94D1-49C1-B140-54723B3507E2}.Debug|iPhone.Deploy.0 = Debug|iPhone
		{6F65524D-94D1-49C1-B140-54723B3507E2}.Debug|iPhoneSimulator.ActiveCfg = Debug|iPhoneSimulator
		{6F65524D-94D1-49C1-B140-54723B3507E2}.Debug|iPhoneSimulator.Build.0 = Debug|iPhoneSimulator
		{6F65524D-94D1-49C1-B140-54723B3507E2}.Debug|iPhoneSimulator.Deploy.0 = Debug|iPhoneSimulator
		{6F65524D-94D1-49C1-B140-54723B3507E2}.Release|Any CPU.ActiveCfg = Release|iPhoneSimulator
		{6F65524D-94D1-49C1-B140-54723B3507E2}.Release|Any CPU.Build.0 = Release|iPhoneSimulator
		{6F65524D-94D1-49C1-B140-54723B3507E2}.Release|Any CPU.Deploy.0 = Release|iPhoneSimulator
		{6F65524D-94D1-49C1-B140-54723B3507E2}.Release|iPhone.ActiveCfg = Release|iPhone
		{6F65524D-94D1-49C1-B140-54723B3507E2}.Release|iPhone.Build.0 = Release|iPhone
		{6F65524D-94D1-49C1-B140-54723B3507E2}.Release|iPhone.Deploy.0 = Release|iPhone
		{6F65524D-94D1-49C1-B140-54723B3507E2}.Release|iPhoneSimulator.ActiveCfg = Release|iPhoneSimulator
		{6F65524D-94D1-49C1-B140-54723B3507E2}.Release|iPhoneSimulator.Build.0 = Release|iPhoneSimulator
		{6F65524D-94D1-49C1-B140-54723B3507E2}.Release|iPhoneSimulator.Deploy.0 = Release|iPhoneSimulator
		{DC0289CF-BAEC-4994-ABE4-C72F75BD5310}.Debug|Any CPU.ActiveCfg = Debug|Any CPU
		{DC0289CF-BAEC-4994-ABE4-C72F75BD5310}.Debug|Any CPU.Build.0 = Debug|Any CPU
		{DC0289CF-BAEC-4994-ABE4-C72F75BD5310}.Debug|Any CPU.Deploy.0 = Debug|Any CPU
		{DC0289CF-BAEC-4994-ABE4-C72F75BD5310}.Debug|iPhone.ActiveCfg = Debug|Any CPU
		{DC0289CF-BAEC-4994-ABE4-C72F75BD5310}.Debug|iPhone.Build.0 = Debug|Any CPU
		{DC0289CF-BAEC-4994-ABE4-C72F75BD5310}.Debug|iPhone.Deploy.0 = Debug|Any CPU
		{DC0289CF-BAEC-4994-ABE4-C72F75BD5310}.Debug|iPhoneSimulator.ActiveCfg = Debug|Any CPU
		{DC0289CF-BAEC-4994-ABE4-C72F75BD5310}.Debug|iPhoneSimulator.Build.0 = Debug|Any CPU
		{DC0289CF-BAEC-4994-ABE4-C72F75BD5310}.Debug|iPhoneSimulator.Deploy.0 = Debug|Any CPU
		{DC0289CF-BAEC-4994-ABE4-C72F75BD5310}.Release|Any CPU.ActiveCfg = Release|Any CPU
		{DC0289CF-BAEC-4994-ABE4-C72F75BD5310}.Release|Any CPU.Build.0 = Release|Any CPU
		{DC0289CF-BAEC-4994-ABE4-C72F75BD5310}.Release|Any CPU.Deploy.0 = Release|Any CPU
		{DC0289CF-BAEC-4994-ABE4-C72F75BD5310}.Release|iPhone.ActiveCfg = Release|Any CPU
		{DC0289CF-BAEC-4994-ABE4-C72F75BD5310}.Release|iPhone.Build.0 = Release|Any CPU
		{DC0289CF-BAEC-4994-ABE4-C72F75BD5310}.Release|iPhone.Deploy.0 = Release|Any CPU
		{DC0289CF-BAEC-4994-ABE4-C72F75BD5310}.Release|iPhoneSimulator.ActiveCfg = Release|Any CPU
		{DC0289CF-BAEC-4994-ABE4-C72F75BD5310}.Release|iPhoneSimulator.Build.0 = Release|Any CPU
		{DC0289CF-BAEC-4994-ABE4-C72F75BD5310}.Release|iPhoneSimulator.Deploy.0 = Release|Any CPU
	EndGlobalSection
	GlobalSection(SolutionProperties) = preSolution
		HideSolutionNode = FALSE
	EndGlobalSection
	GlobalSection(ExtensibilityGlobals) = postSolution
		SolutionGuid = {68926A79-0C47-40E1-89B6-576315B974B8}
	EndGlobalSection
EndGlobal
